
Microsoft Visual Studio Solution File, Format Version 12.00
# Visual Studio Version 17
VisualStudioVersion = 17.13.35818.85
MinimumVisualStudioVersion = 10.0.40219.1
Project("{8BC9CEB8-8B4A-11D0-8D11-00A0C91BC942}") = "Wittig-PA1", "FirstOpenGLProgram\FirstOpenGLProgram.vcxproj", "{AAA87A8B-CF95-46C9-9C28-972A273E2241}"
EndProject
Global
	GlobalSection(SolutionConfigurationPlatforms) = preSolution
		Debug|x64 = Debug|x64
		Debug|x86 = Debug|x86
		Release|x64 = Release|x64
		Release|x86 = Release|x86
	EndGlobalSection
	GlobalSection(ProjectConfigurationPlatforms) = postSolution
		{AAA87A8B-CF95-46C9-9C28-972A273E2241}.Debug|x64.ActiveCfg = Debug|x64
		{AAA87A8B-CF95-46C9-9C28-972A273E2241}.Debug|x64.Build.0 = Debug|x64
		{AAA87A8B-CF95-46C9-9C28-972A273E2241}.Debug|x86.ActiveCfg = Debug|Win32
		{AAA87A8B-CF95-46C9-9C28-972A273E2241}.Debug|x86.Build.0 = Debug|Win32
		{AAA87A8B-CF95-46C9-9C28-972A273E2241}.Release|x64.ActiveCfg = Release|x64
		{AAA87A8B-CF95-46C9-9C28-972A273E2241}.Release|x64.Build.0 = Release|x64
		{AAA87A8B-CF95-46C9-9C28-972A273E2241}.Release|x86.ActiveCfg = Release|Win32
		{AAA87A8B-CF95-46C9-9C28-972A273E2241}.Release|x86.Build.0 = Release|Win32
	EndGlobalSection
	GlobalSection(SolutionProperties) = preSolution
		HideSolutionNode = FALSE
	EndGlobalSection
	GlobalSection(ExtensibilityGlobals) = postSolution
		SolutionGuid = {4158F6DE-9103-433D-A774-1F34DBBA6821}
	EndGlobalSection
EndGlobal
